
Microsoft Visual Studio Solution File, Format Version 12.00
# Visual Studio 15
VisualStudioVersion = 15.0.28010.2048
MinimumVisualStudioVersion = 10.0.40219.1
Project("{FAE04EC0-301F-11D3-BF4B-00C04F79EFBC}") = "LoadViews", "LoadViews\LoadViews.csproj", "{D320CE92-DA63-454A-BB2C-16299A2CD2DF}"
EndProject
Global
	GlobalSection(SolutionConfigurationPlatforms) = preSolution
		Debug|Any CPU = Debug|Any CPU
		Release|Any CPU = Release|Any CPU
	EndGlobalSection
	GlobalSection(ProjectConfigurationPlatforms) = postSolution
		{D320CE92-DA63-454A-BB2C-16299A2CD2DF}.Debug|Any CPU.ActiveCfg = Debug|Any CPU
		{D320CE92-DA63-454A-BB2C-16299A2CD2DF}.Debug|Any CPU.Build.0 = Debug|Any CPU
		{D320CE92-DA63-454A-BB2C-16299A2CD2DF}.Release|Any CPU.ActiveCfg = Release|Any CPU
		{D320CE92-DA63-454A-BB2C-16299A2CD2DF}.Release|Any CPU.Build.0 = Release|Any CPU
	EndGlobalSection
	GlobalSection(SolutionProperties) = preSolution
		HideSolutionNode = FALSE
	EndGlobalSection
	GlobalSection(ExtensibilityGlobals) = postSolution
		SolutionGuid = {4623CC27-DE8B-43ED-8932-18E5938CBA87}
	EndGlobalSection
EndGlobal
